
Microsoft Visual Studio Solution File, Format Version 12.00
# Visual Studio Version 17
VisualStudioVersion = 17.7.34031.279
MinimumVisualStudioVersion = 10.0.40219.1
Project("{FAE04EC0-301F-11D3-BF4B-00C04F79EFBC}") = "vmsql", "vmsql.csproj", "{AF7F3955-E468-4E69-93A2-4C62F39FB3DF}"
EndProject
Global
	GlobalSection(SolutionConfigurationPlatforms) = preSolution
		Debug|Any CPU = Debug|Any CPU
		Release|Any CPU = Release|Any CPU
	EndGlobalSection
	GlobalSection(ProjectConfigurationPlatforms) = postSolution
		{AF7F3955-E468-4E69-93A2-4C62F39FB3DF}.Debug|Any CPU.ActiveCfg = Debug|Any CPU
		{AF7F3955-E468-4E69-93A2-4C62F39FB3DF}.Debug|Any CPU.Build.0 = Debug|Any CPU
		{AF7F3955-E468-4E69-93A2-4C62F39FB3DF}.Release|Any CPU.ActiveCfg = Release|Any CPU
		{AF7F3955-E468-4E69-93A2-4C62F39FB3DF}.Release|Any CPU.Build.0 = Release|Any CPU
	EndGlobalSection
	GlobalSection(SolutionProperties) = preSolution
		HideSolutionNode = FALSE
	EndGlobalSection
	GlobalSection(ExtensibilityGlobals) = postSolution
		SolutionGuid = {447E064D-45E8-4AEA-BBEA-5BB5AE574449}
	EndGlobalSection
EndGlobal
