
Microsoft Visual Studio Solution File, Format Version 12.00
# Visual Studio Version 17
VisualStudioVersion = 17.7.34031.279
MinimumVisualStudioVersion = 10.0.40219.1
Project("{FAE04EC0-301F-11D3-BF4B-00C04F79EFBC}") = "vmconsole", "vmconsole.csproj", "{533BFD7E-496D-49EC-AE74-915438B65992}"
EndProject
Global
	GlobalSection(SolutionConfigurationPlatforms) = preSolution
		Debug|Any CPU = Debug|Any CPU
		Release|Any CPU = Release|Any CPU
	EndGlobalSection
	GlobalSection(ProjectConfigurationPlatforms) = postSolution
		{533BFD7E-496D-49EC-AE74-915438B65992}.Debug|Any CPU.ActiveCfg = Debug|Any CPU
		{533BFD7E-496D-49EC-AE74-915438B65992}.Debug|Any CPU.Build.0 = Debug|Any CPU
		{533BFD7E-496D-49EC-AE74-915438B65992}.Release|Any CPU.ActiveCfg = Release|Any CPU
		{533BFD7E-496D-49EC-AE74-915438B65992}.Release|Any CPU.Build.0 = Release|Any CPU
	EndGlobalSection
	GlobalSection(SolutionProperties) = preSolution
		HideSolutionNode = FALSE
	EndGlobalSection
	GlobalSection(ExtensibilityGlobals) = postSolution
		SolutionGuid = {A4797959-6246-4B4D-A1ED-F38A45A32067}
	EndGlobalSection
EndGlobal
