
Microsoft Visual Studio Solution File, Format Version 12.00
# Visual Studio Version 17
VisualStudioVersion = 17.7.34031.279
MinimumVisualStudioVersion = 10.0.40219.1
Project("{FAE04EC0-301F-11D3-BF4B-00C04F79EFBC}") = "clientbus", "clientbus\clientbus.csproj", "{F73B5CFC-4562-479C-8385-1BED0EDC1DE9}"
EndProject
Global
	GlobalSection(SolutionConfigurationPlatforms) = preSolution
		Debug|Any CPU = Debug|Any CPU
		Release|Any CPU = Release|Any CPU
	EndGlobalSection
	GlobalSection(ProjectConfigurationPlatforms) = postSolution
		{F73B5CFC-4562-479C-8385-1BED0EDC1DE9}.Debug|Any CPU.ActiveCfg = Debug|Any CPU
		{F73B5CFC-4562-479C-8385-1BED0EDC1DE9}.Debug|Any CPU.Build.0 = Debug|Any CPU
		{F73B5CFC-4562-479C-8385-1BED0EDC1DE9}.Release|Any CPU.ActiveCfg = Release|Any CPU
		{F73B5CFC-4562-479C-8385-1BED0EDC1DE9}.Release|Any CPU.Build.0 = Release|Any CPU
	EndGlobalSection
	GlobalSection(SolutionProperties) = preSolution
		HideSolutionNode = FALSE
	EndGlobalSection
	GlobalSection(ExtensibilityGlobals) = postSolution
		SolutionGuid = {B1AF9A32-D7E5-43B4-A0EF-4E21F5D62033}
	EndGlobalSection
EndGlobal
