
Microsoft Visual Studio Solution File, Format Version 12.00
# Visual Studio Version 17
VisualStudioVersion = 17.7.34031.279
MinimumVisualStudioVersion = 10.0.40219.1
Project("{CC5FD16D-436D-48AD-A40C-5A424C6E3E79}") = "practisefile", "practisefile\practisefile.ccproj", "{2430D395-5438-474A-B6DE-6A00B264E7EA}"
EndProject
Project("{FAE04EC0-301F-11D3-BF4B-00C04F79EFBC}") = "WebRole1", "WebRole1\WebRole1.csproj", "{4E472E8D-8D51-412B-8D68-8C0C938D7F44}"
EndProject
Global
	GlobalSection(SolutionConfigurationPlatforms) = preSolution
		Debug|Any CPU = Debug|Any CPU
		Release|Any CPU = Release|Any CPU
	EndGlobalSection
	GlobalSection(ProjectConfigurationPlatforms) = postSolution
		{2430D395-5438-474A-B6DE-6A00B264E7EA}.Debug|Any CPU.ActiveCfg = Debug|Any CPU
		{2430D395-5438-474A-B6DE-6A00B264E7EA}.Debug|Any CPU.Build.0 = Debug|Any CPU
		{2430D395-5438-474A-B6DE-6A00B264E7EA}.Release|Any CPU.ActiveCfg = Release|Any CPU
		{2430D395-5438-474A-B6DE-6A00B264E7EA}.Release|Any CPU.Build.0 = Release|Any CPU
		{4E472E8D-8D51-412B-8D68-8C0C938D7F44}.Debug|Any CPU.ActiveCfg = Debug|Any CPU
		{4E472E8D-8D51-412B-8D68-8C0C938D7F44}.Debug|Any CPU.Build.0 = Debug|Any CPU
		{4E472E8D-8D51-412B-8D68-8C0C938D7F44}.Release|Any CPU.ActiveCfg = Release|Any CPU
		{4E472E8D-8D51-412B-8D68-8C0C938D7F44}.Release|Any CPU.Build.0 = Release|Any CPU
	EndGlobalSection
	GlobalSection(SolutionProperties) = preSolution
		HideSolutionNode = FALSE
	EndGlobalSection
	GlobalSection(ExtensibilityGlobals) = postSolution
		SolutionGuid = {60A9AE02-B82A-4E28-BFDC-14FDE1461FFF}
	EndGlobalSection
EndGlobal
