
Microsoft Visual Studio Solution File, Format Version 12.00
# Visual Studio Version 17
VisualStudioVersion = 17.7.34031.279
MinimumVisualStudioVersion = 10.0.40219.1
Project("{CC5FD16D-436D-48AD-A40C-5A424C6E3E79}") = "externaltable", "externaltable.ccproj", "{23DAC86F-8660-44CF-88ED-7A68E0872E07}"
EndProject
Project("{FAE04EC0-301F-11D3-BF4B-00C04F79EFBC}") = "WebRole1", "WebRole1\WebRole1.csproj", "{A6483148-9EA7-4ED4-BC86-F4D9A0F79FAE}"
EndProject
Global
	GlobalSection(SolutionConfigurationPlatforms) = preSolution
		Debug|Any CPU = Debug|Any CPU
		Release|Any CPU = Release|Any CPU
	EndGlobalSection
	GlobalSection(ProjectConfigurationPlatforms) = postSolution
		{23DAC86F-8660-44CF-88ED-7A68E0872E07}.Debug|Any CPU.ActiveCfg = Debug|Any CPU
		{23DAC86F-8660-44CF-88ED-7A68E0872E07}.Debug|Any CPU.Build.0 = Debug|Any CPU
		{23DAC86F-8660-44CF-88ED-7A68E0872E07}.Release|Any CPU.ActiveCfg = Release|Any CPU
		{23DAC86F-8660-44CF-88ED-7A68E0872E07}.Release|Any CPU.Build.0 = Release|Any CPU
		{A6483148-9EA7-4ED4-BC86-F4D9A0F79FAE}.Debug|Any CPU.ActiveCfg = Debug|Any CPU
		{A6483148-9EA7-4ED4-BC86-F4D9A0F79FAE}.Debug|Any CPU.Build.0 = Debug|Any CPU
		{A6483148-9EA7-4ED4-BC86-F4D9A0F79FAE}.Release|Any CPU.ActiveCfg = Release|Any CPU
		{A6483148-9EA7-4ED4-BC86-F4D9A0F79FAE}.Release|Any CPU.Build.0 = Release|Any CPU
	EndGlobalSection
	GlobalSection(SolutionProperties) = preSolution
		HideSolutionNode = FALSE
	EndGlobalSection
	GlobalSection(ExtensibilityGlobals) = postSolution
		SolutionGuid = {DD378F9F-A9F7-42E4-8A3C-21944A11DEE5}
	EndGlobalSection
EndGlobal
