
Microsoft Visual Studio Solution File, Format Version 12.00
# Visual Studio Version 17
VisualStudioVersion = 17.7.34031.279
MinimumVisualStudioVersion = 10.0.40219.1
Project("{FAE04EC0-301F-11D3-BF4B-00C04F79EFBC}") = "kingservice", "kingservice.csproj", "{35A28A30-6AE9-495B-9B25-F02C6B77D5BD}"
EndProject
Project("{FAE04EC0-301F-11D3-BF4B-00C04F79EFBC}") = "kingclient", "..\kingclient\kingclient.csproj", "{D4BC587F-9377-4049-8A2D-46D14D3B3BA2}"
EndProject
Global
	GlobalSection(SolutionConfigurationPlatforms) = preSolution
		Debug|Any CPU = Debug|Any CPU
		Release|Any CPU = Release|Any CPU
	EndGlobalSection
	GlobalSection(ProjectConfigurationPlatforms) = postSolution
		{35A28A30-6AE9-495B-9B25-F02C6B77D5BD}.Debug|Any CPU.ActiveCfg = Debug|Any CPU
		{35A28A30-6AE9-495B-9B25-F02C6B77D5BD}.Debug|Any CPU.Build.0 = Debug|Any CPU
		{35A28A30-6AE9-495B-9B25-F02C6B77D5BD}.Release|Any CPU.ActiveCfg = Release|Any CPU
		{35A28A30-6AE9-495B-9B25-F02C6B77D5BD}.Release|Any CPU.Build.0 = Release|Any CPU
		{D4BC587F-9377-4049-8A2D-46D14D3B3BA2}.Debug|Any CPU.ActiveCfg = Debug|Any CPU
		{D4BC587F-9377-4049-8A2D-46D14D3B3BA2}.Debug|Any CPU.Build.0 = Debug|Any CPU
		{D4BC587F-9377-4049-8A2D-46D14D3B3BA2}.Release|Any CPU.ActiveCfg = Release|Any CPU
		{D4BC587F-9377-4049-8A2D-46D14D3B3BA2}.Release|Any CPU.Build.0 = Release|Any CPU
	EndGlobalSection
	GlobalSection(SolutionProperties) = preSolution
		HideSolutionNode = FALSE
	EndGlobalSection
	GlobalSection(ExtensibilityGlobals) = postSolution
		SolutionGuid = {513F7AEA-7A68-45AD-B3E0-350D1FC71FA5}
	EndGlobalSection
EndGlobal
