
Microsoft Visual Studio Solution File, Format Version 12.00
# Visual Studio Version 17
VisualStudioVersion = 17.7.34031.279
MinimumVisualStudioVersion = 10.0.40219.1
Project("{CC5FD16D-436D-48AD-A40C-5A424C6E3E79}") = "contactbook", "contactbook.ccproj", "{B8650D41-3AB3-4042-9A00-15F8B5A34ED2}"
EndProject
Project("{FAE04EC0-301F-11D3-BF4B-00C04F79EFBC}") = "contacts", "contacts\contacts.csproj", "{89508A68-B725-4894-A0C6-61E091F68212}"
EndProject
Global
	GlobalSection(SolutionConfigurationPlatforms) = preSolution
		Debug|Any CPU = Debug|Any CPU
		Release|Any CPU = Release|Any CPU
	EndGlobalSection
	GlobalSection(ProjectConfigurationPlatforms) = postSolution
		{B8650D41-3AB3-4042-9A00-15F8B5A34ED2}.Debug|Any CPU.ActiveCfg = Debug|Any CPU
		{B8650D41-3AB3-4042-9A00-15F8B5A34ED2}.Debug|Any CPU.Build.0 = Debug|Any CPU
		{B8650D41-3AB3-4042-9A00-15F8B5A34ED2}.Release|Any CPU.ActiveCfg = Release|Any CPU
		{B8650D41-3AB3-4042-9A00-15F8B5A34ED2}.Release|Any CPU.Build.0 = Release|Any CPU
		{89508A68-B725-4894-A0C6-61E091F68212}.Debug|Any CPU.ActiveCfg = Debug|Any CPU
		{89508A68-B725-4894-A0C6-61E091F68212}.Debug|Any CPU.Build.0 = Debug|Any CPU
		{89508A68-B725-4894-A0C6-61E091F68212}.Release|Any CPU.ActiveCfg = Release|Any CPU
		{89508A68-B725-4894-A0C6-61E091F68212}.Release|Any CPU.Build.0 = Release|Any CPU
	EndGlobalSection
	GlobalSection(SolutionProperties) = preSolution
		HideSolutionNode = FALSE
	EndGlobalSection
	GlobalSection(ExtensibilityGlobals) = postSolution
		SolutionGuid = {7E86FD51-23E9-4444-86FA-C0CA49B29D6D}
	EndGlobalSection
EndGlobal
